%{
  "exprotobuf": {:hex, :exprotobuf, "1.2.17", "3003937da617f588a8fb63ebdd7b127a18d78d6502623c272076fd54c07c4de1", [:mix], [{:gpb, "~> 4.0", [hex: :gpb, repo: "hexpm", optional: false]}], "hexpm", "e07ec1e5ae6f8c1c8521450d5f6b658c8c700b1f34c70356e91ece0766f4361a"},
  "google_protos": {:hex, :google_protos, "0.1.0", "c6b9e12092d17571b093d4156d004494ca143b65dbbcbfc3ffff463ea03467c0", [:mix], [{:protobuf, "~> 0.5", [hex: :protobuf, repo: "hexpm", optional: false]}], "hexpm", "ff5564525f89d2638a4cfa9fb4d31e9ee9d9d7cb937b3e8a95f558440c039e1b"},
  "gpb": {:hex, :gpb, "4.13.0", "ea3a81f83524d5685395594b57bb515f4631a54d27514219d67024bd251c9e82", [:make, :rebar], [], "hexpm", "93d082fa5f8439ec58749dafdb080fc911a5807c0ed2548a427b0ebb8272b54b"},
  "protobuf": {:git, "https://github.com/tony612/protobuf-elixir.git", "3428d3a61a355933ffab3c01bc1b71e94c135169", []},
  "protox": {:hex, :protox, "0.24.0", "f154bfd8de6c30b35e8b5fa64cfba41d54f93d69b0bdb49875657237190ef73d", [:mix], [], "hexpm", "8e0f9585c380560a5ce36d5552e081345966e529e5a174bbcdb76a33370db662"},
}
